// !$*UTF8*$!
{
	archiveVersion = 1;
	classes = {
	};
	objectVersion = 46;
	objects = {

/* Begin PBXBuildFile section */
		3A23A1C4200466080061D093 /* SFViewController.m in Sources */ = {isa = PBXBuildFile; fileRef = 3A23A1C3200466080061D093 /* SFViewController.m */; };
		6E0357851C4CD749006F01EE /* main.m in Sources */ = {isa = PBXBuildFile; fileRef = 6E0357841C4CD749006F01EE /* main.m */; };
		6E0357881C4CD749006F01EE /* AppDelegate.m in Sources */ = {isa = PBXBuildFile; fileRef = 6E0357871C4CD749006F01EE /* AppDelegate.m */; };
		6E03578B1C4CD749006F01EE /* GCDViewController.m in Sources */ = {isa = PBXBuildFile; fileRef = 6E03578A1C4CD749006F01EE /* GCDViewController.m */; };
		6E03578E1C4CD749006F01EE /* Main.storyboard in Resources */ = {isa = PBXBuildFile; fileRef = 6E03578C1C4CD749006F01EE /* Main.storyboard */; };
		6E0357901C4CD749006F01EE /* Assets.xcassets in Resources */ = {isa = PBXBuildFile; fileRef = 6E03578F1C4CD749006F01EE /* Assets.xcassets */; };
		6E0357931C4CD749006F01EE /* LaunchScreen.storyboard in Resources */ = {isa = PBXBuildFile; fileRef = 6E0357911C4CD749006F01EE /* LaunchScreen.storyboard */; };
		6E03579C1C4DE66F006F01EE /* RootTableViewController.m in Sources */ = {isa = PBXBuildFile; fileRef = 6E03579B1C4DE66F006F01EE /* RootTableViewController.m */; };
		6E03579F1C4E0660006F01EE /* BaseViewController.m in Sources */ = {isa = PBXBuildFile; fileRef = 6E03579E1C4E0660006F01EE /* BaseViewController.m */; };
		6E0357A21C4E06DB006F01EE /* RunLoopViewController.m in Sources */ = {isa = PBXBuildFile; fileRef = 6E0357A11C4E06DB006F01EE /* RunLoopViewController.m */; };
		6E0358791C50D252006F01EE /* MessageRuntimeViewController.m in Sources */ = {isa = PBXBuildFile; fileRef = 6E0358781C50D252006F01EE /* MessageRuntimeViewController.m */; };
		6E03587C1C50DEAF006F01EE /* RuntimeObject.m in Sources */ = {isa = PBXBuildFile; fileRef = 6E03587B1C50DEAF006F01EE /* RuntimeObject.m */; };
		6E0358801C50DF1B006F01EE /* MyTestRuntime.m in Sources */ = {isa = PBXBuildFile; fileRef = 6E03587F1C50DF1B006F01EE /* MyTestRuntime.m */; };
		6E1137A51C96BA9B007F263F /* NoteTreeViewController.m in Sources */ = {isa = PBXBuildFile; fileRef = 6E1137A41C96BA9B007F263F /* NoteTreeViewController.m */; };
		6E1460EF1D34EDBF00A5A1FF /* NSObject+KVO.m in Sources */ = {isa = PBXBuildFile; fileRef = 6E1460EE1D34EDBF00A5A1FF /* NSObject+KVO.m */; };
		6E1460F41D34EFFD00A5A1FF /* InterViewViewController.m in Sources */ = {isa = PBXBuildFile; fileRef = 6E1460F21D34EFFD00A5A1FF /* InterViewViewController.m */; };
		6E1460F51D34EFFD00A5A1FF /* InterViewViewController.xib in Resources */ = {isa = PBXBuildFile; fileRef = 6E1460F31D34EFFD00A5A1FF /* InterViewViewController.xib */; };
		6E1460F71D34F34300A5A1FF /* iOS面试题汇总.md in Sources */ = {isa = PBXBuildFile; fileRef = 6E1460F61D34F34300A5A1FF /* iOS面试题汇总.md */; };
		6E1A51B01D6458F600BAE415 /* BlockViewController.m in Sources */ = {isa = PBXBuildFile; fileRef = 6E1A51AC1D6458F600BAE415 /* BlockViewController.m */; };
		6E1A51B11D6458F600BAE415 /* BlockViewController.xib in Resources */ = {isa = PBXBuildFile; fileRef = 6E1A51AD1D6458F600BAE415 /* BlockViewController.xib */; };
		6E1A51B21D6458F600BAE415 /* MRCViewController.m in Sources */ = {isa = PBXBuildFile; fileRef = 6E1A51AF1D6458F600BAE415 /* MRCViewController.m */; settings = {COMPILER_FLAGS = "-fno-objc-arc"; }; };
		6E1A51BA1D645AA700BAE415 /* HBTableViewController.swift in Sources */ = {isa = PBXBuildFile; fileRef = 6E1A51B91D645AA700BAE415 /* HBTableViewController.swift */; };
		6E65A7C21CA283CB004B83D9 /* AboutNoteTreeViewController.m in Sources */ = {isa = PBXBuildFile; fileRef = 6E65A7C11CA283CB004B83D9 /* AboutNoteTreeViewController.m */; };
		6E65A81F1CA3C605004B83D9 /* SortViewController.m in Sources */ = {isa = PBXBuildFile; fileRef = 6E65A81E1CA3C605004B83D9 /* SortViewController.m */; };
		6E7978E21D90C62500D67348 /* CoreText.framework in Frameworks */ = {isa = PBXBuildFile; fileRef = 6E7978E11D90C62500D67348 /* CoreText.framework */; };
		6E7978E51D90D44900D67348 /* CoreTextView.m in Sources */ = {isa = PBXBuildFile; fileRef = 6E7978E41D90D44900D67348 /* CoreTextView.m */; };
		6E7F350D1D76C65000FBB86E /* NSObjectExtension.swift in Sources */ = {isa = PBXBuildFile; fileRef = 6E7F350C1D76C65000FBB86E /* NSObjectExtension.swift */; };
		6EA24C061DFA5C54008F565D /* CCViewController.mm in Sources */ = {isa = PBXBuildFile; fileRef = 6EA24C051DFA5C54008F565D /* CCViewController.mm */; };
		6ED204CF1C8FFAD300D5A657 /* CollectionViewController.m in Sources */ = {isa = PBXBuildFile; fileRef = 6ED204CE1C8FFAD300D5A657 /* CollectionViewController.m */; };
		6ED204D21C8FFB7900D5A657 /* CVCell.m in Sources */ = {isa = PBXBuildFile; fileRef = 6ED204D11C8FFB7900D5A657 /* CVCell.m */; };
		6ED204D51C8FFB9C00D5A657 /* CVLayout.m in Sources */ = {isa = PBXBuildFile; fileRef = 6ED204D41C8FFB9C00D5A657 /* CVLayout.m */; };
		6ED204D81C8FFC1800D5A657 /* CVDEView.m in Sources */ = {isa = PBXBuildFile; fileRef = 6ED204D71C8FFC1800D5A657 /* CVDEView.m */; };
		6ED204DD1C8FFCA400D5A657 /* bookShelf@2x.png in Resources */ = {isa = PBXBuildFile; fileRef = 6ED204DC1C8FFCA400D5A657 /* bookShelf@2x.png */; };
/* End PBXBuildFile section */

/* Begin PBXFileReference section */
		3A23A1C2200466080061D093 /* SFViewController.h */ = {isa = PBXFileReference; lastKnownFileType = sourcecode.c.h; path = SFViewController.h; sourceTree = "<group>"; };
		3A23A1C3200466080061D093 /* SFViewController.m */ = {isa = PBXFileReference; lastKnownFileType = sourcecode.c.objc; path = SFViewController.m; sourceTree = "<group>"; };
		6E0357801C4CD749006F01EE /* RunloopDemo.app */ = {isa = PBXFileReference; explicitFileType = wrapper.application; includeInIndex = 0; path = RunloopDemo.app; sourceTree = BUILT_PRODUCTS_DIR; };
		6E0357841C4CD749006F01EE /* main.m */ = {isa = PBXFileReference; lastKnownFileType = sourcecode.c.objc; path = main.m; sourceTree = "<group>"; };
		6E0357861C4CD749006F01EE /* AppDelegate.h */ = {isa = PBXFileReference; lastKnownFileType = sourcecode.c.h; path = AppDelegate.h; sourceTree = "<group>"; };
		6E0357871C4CD749006F01EE /* AppDelegate.m */ = {isa = PBXFileReference; lastKnownFileType = sourcecode.c.objc; path = AppDelegate.m; sourceTree = "<group>"; };
		6E0357891C4CD749006F01EE /* GCDViewController.h */ = {isa = PBXFileReference; lastKnownFileType = sourcecode.c.h; path = GCDViewController.h; sourceTree = "<group>"; };
		6E03578A1C4CD749006F01EE /* GCDViewController.m */ = {isa = PBXFileReference; lastKnownFileType = sourcecode.c.objc; path = GCDViewController.m; sourceTree = "<group>"; };
		6E03578D1C4CD749006F01EE /* Base */ = {isa = PBXFileReference; lastKnownFileType = file.storyboard; name = Base; path = Base.lproj/Main.storyboard; sourceTree = "<group>"; };
		6E03578F1C4CD749006F01EE /* Assets.xcassets */ = {isa = PBXFileReference; lastKnownFileType = folder.assetcatalog; path = Assets.xcassets; sourceTree = "<group>"; };
		6E0357921C4CD749006F01EE /* Base */ = {isa = PBXFileReference; lastKnownFileType = file.storyboard; name = Base; path = Base.lproj/LaunchScreen.storyboard; sourceTree = "<group>"; };
		6E0357941C4CD749006F01EE /* Info.plist */ = {isa = PBXFileReference; lastKnownFileType = text.plist.xml; path = Info.plist; sourceTree = "<group>"; };
		6E03579A1C4DE66F006F01EE /* RootTableViewController.h */ = {isa = PBXFileReference; fileEncoding = 4; lastKnownFileType = sourcecode.c.h; path = RootTableViewController.h; sourceTree = "<group>"; };
		6E03579B1C4DE66F006F01EE /* RootTableViewController.m */ = {isa = PBXFileReference; fileEncoding = 4; lastKnownFileType = sourcecode.c.objc; path = RootTableViewController.m; sourceTree = "<group>"; };
		6E03579D1C4E065F006F01EE /* BaseViewController.h */ = {isa = PBXFileReference; fileEncoding = 4; lastKnownFileType = sourcecode.c.h; path = BaseViewController.h; sourceTree = "<group>"; };
		6E03579E1C4E0660006F01EE /* BaseViewController.m */ = {isa = PBXFileReference; fileEncoding = 4; lastKnownFileType = sourcecode.c.objc; path = BaseViewController.m; sourceTree = "<group>"; };
		6E0357A01C4E06DB006F01EE /* RunLoopViewController.h */ = {isa = PBXFileReference; fileEncoding = 4; lastKnownFileType = sourcecode.c.h; path = RunLoopViewController.h; sourceTree = "<group>"; };
		6E0357A11C4E06DB006F01EE /* RunLoopViewController.m */ = {isa = PBXFileReference; fileEncoding = 4; lastKnownFileType = sourcecode.c.objc; path = RunLoopViewController.m; sourceTree = "<group>"; };
		6E0358771C50D252006F01EE /* MessageRuntimeViewController.h */ = {isa = PBXFileReference; fileEncoding = 4; lastKnownFileType = sourcecode.c.h; path = MessageRuntimeViewController.h; sourceTree = "<group>"; };
		6E0358781C50D252006F01EE /* MessageRuntimeViewController.m */ = {isa = PBXFileReference; fileEncoding = 4; lastKnownFileType = sourcecode.c.objc; path = MessageRuntimeViewController.m; sourceTree = "<group>"; };
		6E03587A1C50DEAF006F01EE /* RuntimeObject.h */ = {isa = PBXFileReference; fileEncoding = 4; lastKnownFileType = sourcecode.c.h; path = RuntimeObject.h; sourceTree = "<group>"; };
		6E03587B1C50DEAF006F01EE /* RuntimeObject.m */ = {isa = PBXFileReference; fileEncoding = 4; lastKnownFileType = sourcecode.c.objc; path = RuntimeObject.m; sourceTree = "<group>"; };
		6E03587E1C50DF1B006F01EE /* MyTestRuntime.h */ = {isa = PBXFileReference; fileEncoding = 4; lastKnownFileType = sourcecode.c.h; path = MyTestRuntime.h; sourceTree = "<group>"; };
		6E03587F1C50DF1B006F01EE /* MyTestRuntime.m */ = {isa = PBXFileReference; fileEncoding = 4; lastKnownFileType = sourcecode.c.objc; path = MyTestRuntime.m; sourceTree = "<group>"; };
		6E1137A31C96BA9B007F263F /* NoteTreeViewController.h */ = {isa = PBXFileReference; fileEncoding = 4; lastKnownFileType = sourcecode.c.h; path = NoteTreeViewController.h; sourceTree = "<group>"; };
		6E1137A41C96BA9B007F263F /* NoteTreeViewController.m */ = {isa = PBXFileReference; fileEncoding = 4; lastKnownFileType = sourcecode.c.objc; path = NoteTreeViewController.m; sourceTree = "<group>"; };
		6E1460ED1D34EDBF00A5A1FF /* NSObject+KVO.h */ = {isa = PBXFileReference; fileEncoding = 4; lastKnownFileType = sourcecode.c.h; path = "NSObject+KVO.h"; sourceTree = "<group>"; };
		6E1460EE1D34EDBF00A5A1FF /* NSObject+KVO.m */ = {isa = PBXFileReference; fileEncoding = 4; lastKnownFileType = sourcecode.c.objc; path = "NSObject+KVO.m"; sourceTree = "<group>"; };
		6E1460F11D34EFFD00A5A1FF /* InterViewViewController.h */ = {isa = PBXFileReference; fileEncoding = 4; lastKnownFileType = sourcecode.c.h; path = InterViewViewController.h; sourceTree = "<group>"; };
		6E1460F21D34EFFD00A5A1FF /* InterViewViewController.m */ = {isa = PBXFileReference; fileEncoding = 4; lastKnownFileType = sourcecode.c.objc; path = InterViewViewController.m; sourceTree = "<group>"; };
		6E1460F31D34EFFD00A5A1FF /* InterViewViewController.xib */ = {isa = PBXFileReference; fileEncoding = 4; lastKnownFileType = file.xib; path = InterViewViewController.xib; sourceTree = "<group>"; };
		6E1460F61D34F34300A5A1FF /* iOS面试题汇总.md */ = {isa = PBXFileReference; fileEncoding = 4; lastKnownFileType = net.daringfireball.markdown; path = "iOS面试题汇总.md"; sourceTree = "<group>"; };
		6E1A51AB1D6458F600BAE415 /* BlockViewController.h */ = {isa = PBXFileReference; fileEncoding = 4; lastKnownFileType = sourcecode.c.h; path = BlockViewController.h; sourceTree = "<group>"; };
		6E1A51AC1D6458F600BAE415 /* BlockViewController.m */ = {isa = PBXFileReference; fileEncoding = 4; lastKnownFileType = sourcecode.c.objc; path = BlockViewController.m; sourceTree = "<group>"; };
		6E1A51AD1D6458F600BAE415 /* BlockViewController.xib */ = {isa = PBXFileReference; fileEncoding = 4; lastKnownFileType = file.xib; path = BlockViewController.xib; sourceTree = "<group>"; };
		6E1A51AE1D6458F600BAE415 /* MRCViewController.h */ = {isa = PBXFileReference; fileEncoding = 4; lastKnownFileType = sourcecode.c.h; path = MRCViewController.h; sourceTree = "<group>"; };
		6E1A51AF1D6458F600BAE415 /* MRCViewController.m */ = {isa = PBXFileReference; fileEncoding = 4; lastKnownFileType = sourcecode.c.objc; path = MRCViewController.m; sourceTree = "<group>"; };
		6E1A51B81D645AA600BAE415 /* RunloopDemo-Bridging-Header.h */ = {isa = PBXFileReference; lastKnownFileType = sourcecode.c.h; path = "RunloopDemo-Bridging-Header.h"; sourceTree = "<group>"; };
		6E1A51B91D645AA700BAE415 /* HBTableViewController.swift */ = {isa = PBXFileReference; fileEncoding = 4; lastKnownFileType = sourcecode.swift; path = HBTableViewController.swift; sourceTree = "<group>"; };
		6E65A7C01CA283CB004B83D9 /* AboutNoteTreeViewController.h */ = {isa = PBXFileReference; fileEncoding = 4; lastKnownFileType = sourcecode.c.h; path = AboutNoteTreeViewController.h; sourceTree = "<group>"; };
		6E65A7C11CA283CB004B83D9 /* AboutNoteTreeViewController.m */ = {isa = PBXFileReference; fileEncoding = 4; lastKnownFileType = sourcecode.c.objc; path = AboutNoteTreeViewController.m; sourceTree = "<group>"; };
		6E65A81D1CA3C605004B83D9 /* SortViewController.h */ = {isa = PBXFileReference; fileEncoding = 4; lastKnownFileType = sourcecode.c.h; path = SortViewController.h; sourceTree = "<group>"; };
		6E65A81E1CA3C605004B83D9 /* SortViewController.m */ = {isa = PBXFileReference; fileEncoding = 4; lastKnownFileType = sourcecode.c.objc; path = SortViewController.m; sourceTree = "<group>"; };
		6E7978E11D90C62500D67348 /* CoreText.framework */ = {isa = PBXFileReference; lastKnownFileType = wrapper.framework; name = CoreText.framework; path = System/Library/Frameworks/CoreText.framework; sourceTree = SDKROOT; };
		6E7978E31D90D44900D67348 /* CoreTextView.h */ = {isa = PBXFileReference; fileEncoding = 4; lastKnownFileType = sourcecode.c.h; path = CoreTextView.h; sourceTree = "<group>"; };
		6E7978E41D90D44900D67348 /* CoreTextView.m */ = {isa = PBXFileReference; fileEncoding = 4; lastKnownFileType = sourcecode.c.objc; path = CoreTextView.m; sourceTree = "<group>"; };
		6E7F350C1D76C65000FBB86E /* NSObjectExtension.swift */ = {isa = PBXFileReference; fileEncoding = 4; lastKnownFileType = sourcecode.swift; path = NSObjectExtension.swift; sourceTree = "<group>"; };
		6EA24C041DFA5C54008F565D /* CCViewController.h */ = {isa = PBXFileReference; fileEncoding = 4; lastKnownFileType = sourcecode.c.h; path = CCViewController.h; sourceTree = "<group>"; };
		6EA24C051DFA5C54008F565D /* CCViewController.mm */ = {isa = PBXFileReference; fileEncoding = 4; lastKnownFileType = sourcecode.cpp.objcpp; path = CCViewController.mm; sourceTree = "<group>"; };
		6ED204CD1C8FFAD300D5A657 /* CollectionViewController.h */ = {isa = PBXFileReference; fileEncoding = 4; lastKnownFileType = sourcecode.c.h; path = CollectionViewController.h; sourceTree = "<group>"; };
		6ED204CE1C8FFAD300D5A657 /* CollectionViewController.m */ = {isa = PBXFileReference; fileEncoding = 4; lastKnownFileType = sourcecode.c.objc; path = CollectionViewController.m; sourceTree = "<group>"; };
		6ED204D01C8FFB7900D5A657 /* CVCell.h */ = {isa = PBXFileReference; fileEncoding = 4; lastKnownFileType = sourcecode.c.h; path = CVCell.h; sourceTree = "<group>"; };
		6ED204D11C8FFB7900D5A657 /* CVCell.m */ = {isa = PBXFileReference; fileEncoding = 4; lastKnownFileType = sourcecode.c.objc; path = CVCell.m; sourceTree = "<group>"; };
		6ED204D31C8FFB9C00D5A657 /* CVLayout.h */ = {isa = PBXFileReference; fileEncoding = 4; lastKnownFileType = sourcecode.c.h; path = CVLayout.h; sourceTree = "<group>"; };
		6ED204D41C8FFB9C00D5A657 /* CVLayout.m */ = {isa = PBXFileReference; fileEncoding = 4; lastKnownFileType = sourcecode.c.objc; path = CVLayout.m; sourceTree = "<group>"; };
		6ED204D61C8FFC1800D5A657 /* CVDEView.h */ = {isa = PBXFileReference; fileEncoding = 4; lastKnownFileType = sourcecode.c.h; path = CVDEView.h; sourceTree = "<group>"; };
		6ED204D71C8FFC1800D5A657 /* CVDEView.m */ = {isa = PBXFileReference; fileEncoding = 4; lastKnownFileType = sourcecode.c.objc; path = CVDEView.m; sourceTree = "<group>"; };
		6ED204DC1C8FFCA400D5A657 /* bookShelf@2x.png */ = {isa = PBXFileReference; lastKnownFileType = image.png; path = "bookShelf@2x.png"; sourceTree = "<group>"; };
/* End PBXFileReference section */

/* Begin PBXFrameworksBuildPhase section */
		6E03577D1C4CD749006F01EE /* Frameworks */ = {
			isa = PBXFrameworksBuildPhase;
			buildActionMask = 2147483647;
			files = (
				6E7978E21D90C62500D67348 /* CoreText.framework in Frameworks */,
			);
			runOnlyForDeploymentPostprocessing = 0;
		};
/* End PBXFrameworksBuildPhase section */

/* Begin PBXGroup section */
		3A23A1C1200465F80061D093 /* 算法 */ = {
			isa = PBXGroup;
			children = (
				3A23A1C2200466080061D093 /* SFViewController.h */,
				3A23A1C3200466080061D093 /* SFViewController.m */,
			);
			path = "算法";
			sourceTree = "<group>";
		};
		6E0357771C4CD748006F01EE = {
			isa = PBXGroup;
			children = (
				6E7978E11D90C62500D67348 /* CoreText.framework */,
				6E0357821C4CD749006F01EE /* RunloopDemo */,
				6E0357811C4CD749006F01EE /* Products */,
			);
			sourceTree = "<group>";
		};
		6E0357811C4CD749006F01EE /* Products */ = {
			isa = PBXGroup;
			children = (
				6E0357801C4CD749006F01EE /* RunloopDemo.app */,
			);
			name = Products;
			sourceTree = "<group>";
		};
		6E0357821C4CD749006F01EE /* RunloopDemo */ = {
			isa = PBXGroup;
			children = (
				3A23A1C1200465F80061D093 /* 算法 */,
				6E1A51B31D645A2A00BAE415 /* swift */,
				6E1460F01D34EFE600A5A1FF /* InterView */,
				6E1460EC1D34EDBF00A5A1FF /* 自定义KVO */,
				6ED204CB1C8FFAB600D5A657 /* UICollectionView */,
				6E0357861C4CD749006F01EE /* AppDelegate.h */,
				6E0357871C4CD749006F01EE /* AppDelegate.m */,
				6E0357891C4CD749006F01EE /* GCDViewController.h */,
				6E03578A1C4CD749006F01EE /* GCDViewController.m */,
				6E03578C1C4CD749006F01EE /* Main.storyboard */,
				6E03578F1C4CD749006F01EE /* Assets.xcassets */,
				6E0357911C4CD749006F01EE /* LaunchScreen.storyboard */,
				6E0357941C4CD749006F01EE /* Info.plist */,
				6E0357831C4CD749006F01EE /* Supporting Files */,
				6E03579A1C4DE66F006F01EE /* RootTableViewController.h */,
				6E03579B1C4DE66F006F01EE /* RootTableViewController.m */,
				6E03579D1C4E065F006F01EE /* BaseViewController.h */,
				6E03579E1C4E0660006F01EE /* BaseViewController.m */,
				6E0357A01C4E06DB006F01EE /* RunLoopViewController.h */,
				6E0357A11C4E06DB006F01EE /* RunLoopViewController.m */,
				6E0358771C50D252006F01EE /* MessageRuntimeViewController.h */,
				6E0358781C50D252006F01EE /* MessageRuntimeViewController.m */,
				6E03587A1C50DEAF006F01EE /* RuntimeObject.h */,
				6E03587B1C50DEAF006F01EE /* RuntimeObject.m */,
				6E03587E1C50DF1B006F01EE /* MyTestRuntime.h */,
				6E03587F1C50DF1B006F01EE /* MyTestRuntime.m */,
				6E1137A31C96BA9B007F263F /* NoteTreeViewController.h */,
				6E1137A41C96BA9B007F263F /* NoteTreeViewController.m */,
				6E65A7C01CA283CB004B83D9 /* AboutNoteTreeViewController.h */,
				6E65A7C11CA283CB004B83D9 /* AboutNoteTreeViewController.m */,
				6E65A81D1CA3C605004B83D9 /* SortViewController.h */,
				6E65A81E1CA3C605004B83D9 /* SortViewController.m */,
			);
			path = RunloopDemo;
			sourceTree = "<group>";
		};
		6E0357831C4CD749006F01EE /* Supporting Files */ = {
			isa = PBXGroup;
			children = (
				6ED204DB1C8FFCA400D5A657 /* images */,
				6E0357841C4CD749006F01EE /* main.m */,
			);
			name = "Supporting Files";
			sourceTree = "<group>";
		};
		6E1460EC1D34EDBF00A5A1FF /* 自定义KVO */ = {
			isa = PBXGroup;
			children = (
				6E1460ED1D34EDBF00A5A1FF /* NSObject+KVO.h */,
				6E1460EE1D34EDBF00A5A1FF /* NSObject+KVO.m */,
			);
			path = "自定义KVO";
			sourceTree = "<group>";
		};
		6E1460F01D34EFE600A5A1FF /* InterView */ = {
			isa = PBXGroup;
			children = (
				6E1A51AB1D6458F600BAE415 /* BlockViewController.h */,
				6E1A51AC1D6458F600BAE415 /* BlockViewController.m */,
				6E1A51AD1D6458F600BAE415 /* BlockViewController.xib */,
				6E1A51AE1D6458F600BAE415 /* MRCViewController.h */,
				6E1A51AF1D6458F600BAE415 /* MRCViewController.m */,
				6E1460F61D34F34300A5A1FF /* iOS面试题汇总.md */,
				6E1460F11D34EFFD00A5A1FF /* InterViewViewController.h */,
				6E1460F21D34EFFD00A5A1FF /* InterViewViewController.m */,
				6E1460F31D34EFFD00A5A1FF /* InterViewViewController.xib */,
				6E7978E31D90D44900D67348 /* CoreTextView.h */,
				6E7978E41D90D44900D67348 /* CoreTextView.m */,
				6EA24C041DFA5C54008F565D /* CCViewController.h */,
				6EA24C051DFA5C54008F565D /* CCViewController.mm */,
			);
			path = InterView;
			sourceTree = "<group>";
		};
		6E1A51B31D645A2A00BAE415 /* swift */ = {
			isa = PBXGroup;
			children = (
				6E1A51B91D645AA700BAE415 /* HBTableViewController.swift */,
				6E1A51B81D645AA600BAE415 /* RunloopDemo-Bridging-Header.h */,
				6E7F350C1D76C65000FBB86E /* NSObjectExtension.swift */,
			);
			path = swift;
			sourceTree = "<group>";
		};
		6ED204CB1C8FFAB600D5A657 /* UICollectionView */ = {
			isa = PBXGroup;
			children = (
				6ED204CD1C8FFAD300D5A657 /* CollectionViewController.h */,
				6ED204CE1C8FFAD300D5A657 /* CollectionViewController.m */,
				6ED204D01C8FFB7900D5A657 /* CVCell.h */,
				6ED204D11C8FFB7900D5A657 /* CVCell.m */,
				6ED204D31C8FFB9C00D5A657 /* CVLayout.h */,
				6ED204D41C8FFB9C00D5A657 /* CVLayout.m */,
				6ED204D61C8FFC1800D5A657 /* CVDEView.h */,
				6ED204D71C8FFC1800D5A657 /* CVDEView.m */,
			);
			path = UICollectionView;
			sourceTree = "<group>";
		};
		6ED204DB1C8FFCA400D5A657 /* images */ = {
			isa = PBXGroup;
			children = (
				6ED204DC1C8FFCA400D5A657 /* bookShelf@2x.png */,
			);
			path = images;
			sourceTree = "<group>";
		};
/* End PBXGroup section */

/* Begin PBXNativeTarget section */
		6E03577F1C4CD749006F01EE /* RunloopDemo */ = {
			isa = PBXNativeTarget;
			buildConfigurationList = 6E0357971C4CD749006F01EE /* Build configuration list for PBXNativeTarget "RunloopDemo" */;
			buildPhases = (
				6E03577C1C4CD749006F01EE /* Sources */,
				6E03577D1C4CD749006F01EE /* Frameworks */,
				6E03577E1C4CD749006F01EE /* Resources */,
			);
			buildRules = (
			);
			dependencies = (
			);
			name = RunloopDemo;
			productName = RunloopDemo;
			productReference = 6E0357801C4CD749006F01EE /* RunloopDemo.app */;
			productType = "com.apple.product-type.application";
		};
/* End PBXNativeTarget section */

/* Begin PBXProject section */
		6E0357781C4CD749006F01EE /* Project object */ = {
			isa = PBXProject;
			attributes = {
				LastSwiftUpdateCheck = 0730;
				LastUpgradeCheck = 0720;
				ORGANIZATIONNAME = Founder;
				TargetAttributes = {
					6E03577F1C4CD749006F01EE = {
						CreatedOnToolsVersion = 7.2;
					};
				};
			};
			buildConfigurationList = 6E03577B1C4CD749006F01EE /* Build configuration list for PBXProject "RunloopDemo" */;
			compatibilityVersion = "Xcode 3.2";
			developmentRegion = English;
			hasScannedForEncodings = 0;
			knownRegions = (
				en,
				Base,
			);
			mainGroup = 6E0357771C4CD748006F01EE;
			productRefGroup = 6E0357811C4CD749006F01EE /* Products */;
			projectDirPath = "";
			projectRoot = "";
			targets = (
				6E03577F1C4CD749006F01EE /* RunloopDemo */,
			);
		};
/* End PBXProject section */

/* Begin PBXResourcesBuildPhase section */
		6E03577E1C4CD749006F01EE /* Resources */ = {
			isa = PBXResourcesBuildPhase;
			buildActionMask = 2147483647;
			files = (
				6E0357931C4CD749006F01EE /* LaunchScreen.storyboard in Resources */,
				6E0357901C4CD749006F01EE /* Assets.xcassets in Resources */,
				6E1A51B11D6458F600BAE415 /* BlockViewController.xib in Resources */,
				6ED204DD1C8FFCA400D5A657 /* bookShelf@2x.png in Resources */,
				6E03578E1C4CD749006F01EE /* Main.storyboard in Resources */,
				6E1460F51D34EFFD00A5A1FF /* InterViewViewController.xib in Resources */,
			);
			runOnlyForDeploymentPostprocessing = 0;
		};
/* End PBXResourcesBuildPhase section */

/* Begin PBXSourcesBuildPhase section */
		6E03577C1C4CD749006F01EE /* Sources */ = {
			isa = PBXSourcesBuildPhase;
			buildActionMask = 2147483647;
			files = (
				6E1137A51C96BA9B007F263F /* NoteTreeViewController.m in Sources */,
				6E7F350D1D76C65000FBB86E /* NSObjectExtension.swift in Sources */,
				6E7978E51D90D44900D67348 /* CoreTextView.m in Sources */,
				6ED204D21C8FFB7900D5A657 /* CVCell.m in Sources */,
				6E1A51B21D6458F600BAE415 /* MRCViewController.m in Sources */,
				6EA24C061DFA5C54008F565D /* CCViewController.mm in Sources */,
				6E1A51BA1D645AA700BAE415 /* HBTableViewController.swift in Sources */,
				6ED204D81C8FFC1800D5A657 /* CVDEView.m in Sources */,
				6E1460EF1D34EDBF00A5A1FF /* NSObject+KVO.m in Sources */,
				6E03578B1C4CD749006F01EE /* GCDViewController.m in Sources */,
				6E03579F1C4E0660006F01EE /* BaseViewController.m in Sources */,
				6E0357A21C4E06DB006F01EE /* RunLoopViewController.m in Sources */,
				6E65A81F1CA3C605004B83D9 /* SortViewController.m in Sources */,
				6E0357881C4CD749006F01EE /* AppDelegate.m in Sources */,
				6E0358791C50D252006F01EE /* MessageRuntimeViewController.m in Sources */,
				6E03587C1C50DEAF006F01EE /* RuntimeObject.m in Sources */,
				6E0357851C4CD749006F01EE /* main.m in Sources */,
				6E65A7C21CA283CB004B83D9 /* AboutNoteTreeViewController.m in Sources */,
				6ED204D51C8FFB9C00D5A657 /* CVLayout.m in Sources */,
				6E1460F41D34EFFD00A5A1FF /* InterViewViewController.m in Sources */,
				6E0358801C50DF1B006F01EE /* MyTestRuntime.m in Sources */,
				3A23A1C4200466080061D093 /* SFViewController.m in Sources */,
				6ED204CF1C8FFAD300D5A657 /* CollectionViewController.m in Sources */,
				6E1460F71D34F34300A5A1FF /* iOS面试题汇总.md in Sources */,
				6E1A51B01D6458F600BAE415 /* BlockViewController.m in Sources */,
				6E03579C1C4DE66F006F01EE /* RootTableViewController.m in Sources */,
			);
			runOnlyForDeploymentPostprocessing = 0;
		};
/* End PBXSourcesBuildPhase section */

/* Begin PBXVariantGroup section */
		6E03578C1C4CD749006F01EE /* Main.storyboard */ = {
			isa = PBXVariantGroup;
			children = (
				6E03578D1C4CD749006F01EE /* Base */,
			);
			name = Main.storyboard;
			sourceTree = "<group>";
		};
		6E0357911C4CD749006F01EE /* LaunchScreen.storyboard */ = {
			isa = PBXVariantGroup;
			children = (
				6E0357921C4CD749006F01EE /* Base */,
			);
			name = LaunchScreen.storyboard;
			sourceTree = "<group>";
		};
/* End PBXVariantGroup section */

/* Begin XCBuildConfiguration section */
		6E0357951C4CD749006F01EE /* Debug */ = {
			isa = XCBuildConfiguration;
			buildSettings = {
				ALWAYS_SEARCH_USER_PATHS = NO;
				CLANG_CXX_LANGUAGE_STANDARD = "gnu++0x";
				CLANG_CXX_LIBRARY = "libc++";
				CLANG_ENABLE_MODULES = YES;
				CLANG_ENABLE_OBJC_ARC = YES;
				CLANG_WARN_BOOL_CONVERSION = YES;
				CLANG_WARN_CONSTANT_CONVERSION = YES;
				CLANG_WARN_DIRECT_OBJC_ISA_USAGE = YES_ERROR;
				CLANG_WARN_EMPTY_BODY = YES;
				CLANG_WARN_ENUM_CONVERSION = YES;
				CLANG_WARN_INT_CONVERSION = YES;
				CLANG_WARN_OBJC_ROOT_CLASS = YES_ERROR;
				CLANG_WARN_UNREACHABLE_CODE = YES;
				CLANG_WARN__DUPLICATE_METHOD_MATCH = YES;
				CODE_SIGN_IDENTITY = "iPhone Developer: Yan Lee (FZ8WX9ZVT3)";
				"CODE_SIGN_IDENTITY[sdk=iphoneos*]" = "iPhone Developer: Yan Lee (FZ8WX9ZVT3)";
				COPY_PHASE_STRIP = NO;
				DEBUG_INFORMATION_FORMAT = dwarf;
				ENABLE_STRICT_OBJC_MSGSEND = YES;
				ENABLE_TESTABILITY = YES;
				GCC_C_LANGUAGE_STANDARD = gnu99;
				GCC_DYNAMIC_NO_PIC = NO;
				GCC_NO_COMMON_BLOCKS = YES;
				GCC_OPTIMIZATION_LEVEL = 0;
				GCC_PREPROCESSOR_DEFINITIONS = (
					"DEBUG=1",
					"$(inherited)",
				);
				GCC_WARN_64_TO_32_BIT_CONVERSION = YES;
				GCC_WARN_ABOUT_RETURN_TYPE = YES_ERROR;
				GCC_WARN_UNDECLARED_SELECTOR = YES;
				GCC_WARN_UNINITIALIZED_AUTOS = YES_AGGRESSIVE;
				GCC_WARN_UNUSED_FUNCTION = YES;
				GCC_WARN_UNUSED_VARIABLE = YES;
				IPHONEOS_DEPLOYMENT_TARGET = 9.2;
				MTL_ENABLE_DEBUG_INFO = YES;
				ONLY_ACTIVE_ARCH = YES;
				PROVISIONING_PROFILE = "";
				SDKROOT = iphoneos;
				TARGETED_DEVICE_FAMILY = "1,2";
			};
			name = Debug;
		};
		6E0357961C4CD749006F01EE /* Release */ = {
			isa = XCBuildConfiguration;
			buildSettings = {
				ALWAYS_SEARCH_USER_PATHS = NO;
				CLANG_CXX_LANGUAGE_STANDARD = "gnu++0x";
				CLANG_CXX_LIBRARY = "libc++";
				CLANG_ENABLE_MODULES = YES;
				CLANG_ENABLE_OBJC_ARC = YES;
				CLANG_WARN_BOOL_CONVERSION = YES;
				CLANG_WARN_CONSTANT_CONVERSION = YES;
				CLANG_WARN_DIRECT_OBJC_ISA_USAGE = YES_ERROR;
				CLANG_WARN_EMPTY_BODY = YES;
				CLANG_WARN_ENUM_CONVERSION = YES;
				CLANG_WARN_INT_CONVERSION = YES;
				CLANG_WARN_OBJC_ROOT_CLASS = YES_ERROR;
				CLANG_WARN_UNREACHABLE_CODE = YES;
				CLANG_WARN__DUPLICATE_METHOD_MATCH = YES;
				CODE_SIGN_IDENTITY = "iPhone Developer: Yan Lee (FZ8WX9ZVT3)";
				"CODE_SIGN_IDENTITY[sdk=iphoneos*]" = "iPhone Developer: Yan Lee (FZ8WX9ZVT3)";
				COPY_PHASE_STRIP = NO;
				DEBUG_INFORMATION_FORMAT = "dwarf-with-dsym";
				ENABLE_NS_ASSERTIONS = NO;
				ENABLE_STRICT_OBJC_MSGSEND = YES;
				GCC_C_LANGUAGE_STANDARD = gnu99;
				GCC_NO_COMMON_BLOCKS = YES;
				GCC_WARN_64_TO_32_BIT_CONVERSION = YES;
				GCC_WARN_ABOUT_RETURN_TYPE = YES_ERROR;
				GCC_WARN_UNDECLARED_SELECTOR = YES;
				GCC_WARN_UNINITIALIZED_AUTOS = YES_AGGRESSIVE;
				GCC_WARN_UNUSED_FUNCTION = YES;
				GCC_WARN_UNUSED_VARIABLE = YES;
				IPHONEOS_DEPLOYMENT_TARGET = 9.2;
				MTL_ENABLE_DEBUG_INFO = NO;
				PROVISIONING_PROFILE = "";
				SDKROOT = iphoneos;
				TARGETED_DEVICE_FAMILY = "1,2";
				VALIDATE_PRODUCT = YES;
			};
			name = Release;
		};
		6E0357981C4CD749006F01EE /* Debug */ = {
			isa = XCBuildConfiguration;
			buildSettings = {
				ASSETCATALOG_COMPILER_APPICON_NAME = AppIcon;
				CLANG_ENABLE_MODULES = YES;
				CODE_SIGN_IDENTITY = "iPhone Developer: pengbi bi (3XFW246TVB)";
				INFOPLIST_FILE = RunloopDemo/Info.plist;
				IPHONEOS_DEPLOYMENT_TARGET = 7.0;
				LD_RUNPATH_SEARCH_PATHS = "$(inherited) @executable_path/Frameworks";
				OTHER_LDFLAGS = "";
				PRODUCT_BUNDLE_IDENTIFIER = com.360buy.founder.RunloopDemo;
				PRODUCT_NAME = "$(TARGET_NAME)";
				PROVISIONING_PROFILE = "67cb5d4f-5245-4f16-8f80-0af97020ed9d";
				PROVISIONING_PROFILE_SPECIFIER = arvr_dev;
				SWIFT_OBJC_BRIDGING_HEADER = "RunloopDemo/swift/RunloopDemo-Bridging-Header.h";
				SWIFT_OPTIMIZATION_LEVEL = "-Onone";
				SWIFT_VERSION = 3.0;
			};
			name = Debug;
		};
		6E0357991C4CD749006F01EE /* Release */ = {
			isa = XCBuildConfiguration;
			buildSettings = {
				ASSETCATALOG_COMPILER_APPICON_NAME = AppIcon;
				CLANG_ENABLE_MODULES = YES;
				CODE_SIGN_IDENTITY = "iPhone Developer: pengbi bi (3XFW246TVB)";
				INFOPLIST_FILE = RunloopDemo/Info.plist;
				IPHONEOS_DEPLOYMENT_TARGET = 7.0;
				LD_RUNPATH_SEARCH_PATHS = "$(inherited) @executable_path/Frameworks";
				OTHER_LDFLAGS = "";
				PRODUCT_BUNDLE_IDENTIFIER = com.360buy.founder.RunloopDemo;
				PRODUCT_NAME = "$(TARGET_NAME)";
				PROVISIONING_PROFILE = "67cb5d4f-5245-4f16-8f80-0af97020ed9d";
				PROVISIONING_PROFILE_SPECIFIER = arvr_dev;
				SWIFT_OBJC_BRIDGING_HEADER = "RunloopDemo/swift/RunloopDemo-Bridging-Header.h";
				SWIFT_VERSION = 3.0;
			};
			name = Release;
		};
/* End XCBuildConfiguration section */

/* Begin XCConfigurationList section */
		6E03577B1C4CD749006F01EE /* Build configuration list for PBXProject "RunloopDemo" */ = {
			isa = XCConfigurationList;
			buildConfigurations = (
				6E0357951C4CD749006F01EE /* Debug */,
				6E0357961C4CD749006F01EE /* Release */,
			);
			defaultConfigurationIsVisible = 0;
			defaultConfigurationName = Release;
		};
		6E0357971C4CD749006F01EE /* Build configuration list for PBXNativeTarget "RunloopDemo" */ = {
			isa = XCConfigurationList;
			buildConfigurations = (
				6E0357981C4CD749006F01EE /* Debug */,
				6E0357991C4CD749006F01EE /* Release */,
			);
			defaultConfigurationIsVisible = 0;
			defaultConfigurationName = Release;
		};
/* End XCConfigurationList section */
	};
	rootObject = 6E0357781C4CD749006F01EE /* Project object */;
}
